
Microsoft Visual Studio Solution File, Format Version 12.00
# Visual Studio Version 17
VisualStudioVersion = 17.5.002.0
MinimumVisualStudioVersion = 10.0.40219.1
Project("{9A19103F-16F7-4668-BE54-9A1E7A4F7556}") = "ApiGabi", "ApiGabi.csproj", "{8EAA3F10-9E47-4273-AEAF-06CB228BDFBF}"
EndProject
Global
	GlobalSection(SolutionConfigurationPlatforms) = preSolution
		Debug|Any CPU = Debug|Any CPU
		Release|Any CPU = Release|Any CPU
	EndGlobalSection
	GlobalSection(ProjectConfigurationPlatforms) = postSolution
		{8EAA3F10-9E47-4273-AEAF-06CB228BDFBF}.Debug|Any CPU.ActiveCfg = Debug|Any CPU
		{8EAA3F10-9E47-4273-AEAF-06CB228BDFBF}.Debug|Any CPU.Build.0 = Debug|Any CPU
		{8EAA3F10-9E47-4273-AEAF-06CB228BDFBF}.Release|Any CPU.ActiveCfg = Release|Any CPU
		{8EAA3F10-9E47-4273-AEAF-06CB228BDFBF}.Release|Any CPU.Build.0 = Release|Any CPU
	EndGlobalSection
	GlobalSection(SolutionProperties) = preSolution
		HideSolutionNode = FALSE
	EndGlobalSection
	GlobalSection(ExtensibilityGlobals) = postSolution
		SolutionGuid = {7EA240F0-170D-454F-AB3C-0DC21475C441}
	EndGlobalSection
EndGlobal
